
Microsoft Visual Studio Solution File, Format Version 12.00
# Visual Studio Version 17
VisualStudioVersion = 17.8.34330.188
MinimumVisualStudioVersion = 10.0.40219.1
Project("{FAE04EC0-301F-11D3-BF4B-00C04F79EFBC}") = "DigitalpathsalaTestapp", "DigitalpathsalaTestapp\DigitalpathsalaTestapp.csproj", "{878247D4-07DF-433E-B8B1-6A6B5F724D9D}"
EndProject
Global
	GlobalSection(SolutionConfigurationPlatforms) = preSolution
		Debug|Any CPU = Debug|Any CPU
		Release|Any CPU = Release|Any CPU
	EndGlobalSection
	GlobalSection(ProjectConfigurationPlatforms) = postSolution
		{878247D4-07DF-433E-B8B1-6A6B5F724D9D}.Debug|Any CPU.ActiveCfg = Debug|Any CPU
		{878247D4-07DF-433E-B8B1-6A6B5F724D9D}.Debug|Any CPU.Build.0 = Debug|Any CPU
		{878247D4-07DF-433E-B8B1-6A6B5F724D9D}.Release|Any CPU.ActiveCfg = Release|Any CPU
		{878247D4-07DF-433E-B8B1-6A6B5F724D9D}.Release|Any CPU.Build.0 = Release|Any CPU
	EndGlobalSection
	GlobalSection(SolutionProperties) = preSolution
		HideSolutionNode = FALSE
	EndGlobalSection
	GlobalSection(ExtensibilityGlobals) = postSolution
		SolutionGuid = {EAB0C97F-22A1-4C10-B048-8B8C7A347E7B}
	EndGlobalSection
EndGlobal
